
Microsoft Visual Studio Solution File, Format Version 12.00
# Visual Studio Version 17
VisualStudioVersion = 17.0.32112.339
MinimumVisualStudioVersion = 10.0.40219.1
Project("{FAE04EC0-301F-11D3-BF4B-00C04F79EFBC}") = "1_solve-me-first", "1_solve-me-first\1_solve-me-first.csproj", "{A9C7A878-DE7A-40D5-9281-83C6A3957737}"
EndProject
Global
	GlobalSection(SolutionConfigurationPlatforms) = preSolution
		Debug|Any CPU = Debug|Any CPU
		Release|Any CPU = Release|Any CPU
	EndGlobalSection
	GlobalSection(ProjectConfigurationPlatforms) = postSolution
		{A9C7A878-DE7A-40D5-9281-83C6A3957737}.Debug|Any CPU.ActiveCfg = Debug|Any CPU
		{A9C7A878-DE7A-40D5-9281-83C6A3957737}.Debug|Any CPU.Build.0 = Debug|Any CPU
		{A9C7A878-DE7A-40D5-9281-83C6A3957737}.Release|Any CPU.ActiveCfg = Release|Any CPU
		{A9C7A878-DE7A-40D5-9281-83C6A3957737}.Release|Any CPU.Build.0 = Release|Any CPU
	EndGlobalSection
	GlobalSection(SolutionProperties) = preSolution
		HideSolutionNode = FALSE
	EndGlobalSection
	GlobalSection(ExtensibilityGlobals) = postSolution
		SolutionGuid = {571F1C5D-9B5F-4962-887C-F06AB4093639}
	EndGlobalSection
EndGlobal
